// !$*UTF8*$!
{
	archiveVersion = 1;
	classes = {
	};
	objectVersion = 51;
	objects = {

/* Begin PBXBuildFile section */
		EA0B243026E7A6DF0025C22D /* PlaylistHeaderCollectionReusableView.swift in Sources */ = {isa = PBXBuildFile; fileRef = EA0B242F26E7A6DF0025C22D /* PlaylistHeaderCollectionReusableView.swift */; };
		EA0B243226E7AAD20025C22D /* PlaylistHeaderViewModel.swift in Sources */ = {isa = PBXBuildFile; fileRef = EA0B243126E7AAD20025C22D /* PlaylistHeaderViewModel.swift */; };
		EA21BDDE26DF7CC800F5D0A7 /* AlbumViewController.swift in Sources */ = {isa = PBXBuildFile; fileRef = EA21BDDD26DF7CC800F5D0A7 /* AlbumViewController.swift */; };
		EA21BDE026DF83AB00F5D0A7 /* AlbumDetailsResponse.swift in Sources */ = {isa = PBXBuildFile; fileRef = EA21BDDF26DF83AB00F5D0A7 /* AlbumDetailsResponse.swift */; };
		EA21BDE226DF888400F5D0A7 /* PlaylistDetailsResponse.swift in Sources */ = {isa = PBXBuildFile; fileRef = EA21BDE126DF888400F5D0A7 /* PlaylistDetailsResponse.swift */; };
		EA83DCF426CE6D120001DAA5 /* AppDelegate.swift in Sources */ = {isa = PBXBuildFile; fileRef = EA83DCF326CE6D120001DAA5 /* AppDelegate.swift */; };
		EA83DCF626CE6D120001DAA5 /* SceneDelegate.swift in Sources */ = {isa = PBXBuildFile; fileRef = EA83DCF526CE6D120001DAA5 /* SceneDelegate.swift */; };
		EA83DCF826CE6D120001DAA5 /* HomeViewController.swift in Sources */ = {isa = PBXBuildFile; fileRef = EA83DCF726CE6D120001DAA5 /* HomeViewController.swift */; };
		EA83DCFD26CE6D150001DAA5 /* Assets.xcassets in Resources */ = {isa = PBXBuildFile; fileRef = EA83DCFC26CE6D150001DAA5 /* Assets.xcassets */; };
		EA83DD0026CE6D150001DAA5 /* LaunchScreen.storyboard in Resources */ = {isa = PBXBuildFile; fileRef = EA83DCFE26CE6D150001DAA5 /* LaunchScreen.storyboard */; };
		EA83DD0E26CE789F0001DAA5 /* TabBarViewController.swift in Sources */ = {isa = PBXBuildFile; fileRef = EA83DD0D26CE789F0001DAA5 /* TabBarViewController.swift */; };
		EA83DD1026CE78CE0001DAA5 /* SearchViewController.swift in Sources */ = {isa = PBXBuildFile; fileRef = EA83DD0F26CE78CE0001DAA5 /* SearchViewController.swift */; };
		EA83DD1226CE78DF0001DAA5 /* LibraryViewController.swift in Sources */ = {isa = PBXBuildFile; fileRef = EA83DD1126CE78DF0001DAA5 /* LibraryViewController.swift */; };
		EA83DD1626CE79240001DAA5 /* AuthViewController.swift in Sources */ = {isa = PBXBuildFile; fileRef = EA83DD1526CE79240001DAA5 /* AuthViewController.swift */; };
		EA83DD1826CE793A0001DAA5 /* WelcomeViewController.swift in Sources */ = {isa = PBXBuildFile; fileRef = EA83DD1726CE793A0001DAA5 /* WelcomeViewController.swift */; };
		EA83DD1A26CE79480001DAA5 /* SettingsViewController.swift in Sources */ = {isa = PBXBuildFile; fileRef = EA83DD1926CE79480001DAA5 /* SettingsViewController.swift */; };
		EA83DD1C26CE79530001DAA5 /* ProfileViewController.swift in Sources */ = {isa = PBXBuildFile; fileRef = EA83DD1B26CE79530001DAA5 /* ProfileViewController.swift */; };
		EA83DD1E26CE795F0001DAA5 /* PlayerViewController.swift in Sources */ = {isa = PBXBuildFile; fileRef = EA83DD1D26CE795F0001DAA5 /* PlayerViewController.swift */; };
		EA83DD2026CE796E0001DAA5 /* PlaylistViewController.swift in Sources */ = {isa = PBXBuildFile; fileRef = EA83DD1F26CE796E0001DAA5 /* PlaylistViewController.swift */; };
		EA83DD2226CE79810001DAA5 /* SearchResultViewController.swift in Sources */ = {isa = PBXBuildFile; fileRef = EA83DD2126CE79810001DAA5 /* SearchResultViewController.swift */; };
		EA83DD2426CE799E0001DAA5 /* AuthManager.swift in Sources */ = {isa = PBXBuildFile; fileRef = EA83DD2326CE799E0001DAA5 /* AuthManager.swift */; };
		EA83DD2626CE79AB0001DAA5 /* APICaller.swift in Sources */ = {isa = PBXBuildFile; fileRef = EA83DD2526CE79AB0001DAA5 /* APICaller.swift */; };
		EA83DD2826CE79C40001DAA5 /* HapticsManager.swift in Sources */ = {isa = PBXBuildFile; fileRef = EA83DD2726CE79C40001DAA5 /* HapticsManager.swift */; };
		EA83DD2A26CE79DD0001DAA5 /* Playlist.swift in Sources */ = {isa = PBXBuildFile; fileRef = EA83DD2926CE79DD0001DAA5 /* Playlist.swift */; };
		EA83DD2C26CE79EA0001DAA5 /* AudioTrack.swift in Sources */ = {isa = PBXBuildFile; fileRef = EA83DD2B26CE79EA0001DAA5 /* AudioTrack.swift */; };
		EA83DD2E26CE79F60001DAA5 /* Artist.swift in Sources */ = {isa = PBXBuildFile; fileRef = EA83DD2D26CE79F60001DAA5 /* Artist.swift */; };
		EA83DD3026CE7A010001DAA5 /* UserProfile.swift in Sources */ = {isa = PBXBuildFile; fileRef = EA83DD2F26CE7A010001DAA5 /* UserProfile.swift */; };
		EA83DD3226CE88B10001DAA5 /* Extensions.swift in Sources */ = {isa = PBXBuildFile; fileRef = EA83DD3126CE88B10001DAA5 /* Extensions.swift */; };
		EA83DD3426CFAC580001DAA5 /* AuthResponse.swift in Sources */ = {isa = PBXBuildFile; fileRef = EA83DD3326CFAC580001DAA5 /* AuthResponse.swift */; };
		EA96F83126D8E863003E3304 /* FeaturedPlaylistCellViewModel.swift in Sources */ = {isa = PBXBuildFile; fileRef = EA96F83026D8E863003E3304 /* FeaturedPlaylistCellViewModel.swift */; };
		EA96F83326D8E8A2003E3304 /* RecommendedCellViewModel.swift in Sources */ = {isa = PBXBuildFile; fileRef = EA96F83226D8E8A2003E3304 /* RecommendedCellViewModel.swift */; };
		EAA5045526D7A5410097FA7D /* NewReleasesCellViewModel.swift in Sources */ = {isa = PBXBuildFile; fileRef = EAA5045426D7A5410097FA7D /* NewReleasesCellViewModel.swift */; };
		EAAE41B326D3EDB7001220BB /* SettingsModel.swift in Sources */ = {isa = PBXBuildFile; fileRef = EAAE41B226D3EDB6001220BB /* SettingsModel.swift */; };
		EAE118AC26F0B85D00E1D4FD /* TitleHeaderCollectionReusableView.swift in Sources */ = {isa = PBXBuildFile; fileRef = EAE118AB26F0B85D00E1D4FD /* TitleHeaderCollectionReusableView.swift */; };
		EAE118AE26F0C38A00E1D4FD /* AlbumTrackCollectionViewCell.swift in Sources */ = {isa = PBXBuildFile; fileRef = EAE118AD26F0C38A00E1D4FD /* AlbumTrackCollectionViewCell.swift */; };
		EAE118B126F0C4E500E1D4FD /* AlbumCollectionViewCellViewModel.swift in Sources */ = {isa = PBXBuildFile; fileRef = EAE118B026F0C4E500E1D4FD /* AlbumCollectionViewCellViewModel.swift */; };
		EAE118B326F0D94200E1D4FD /* GenreCollectionViewCell.swift in Sources */ = {isa = PBXBuildFile; fileRef = EAE118B226F0D94200E1D4FD /* GenreCollectionViewCell.swift */; };
		EAEBB35E26D4F838003C1C54 /* NewReleasesResponse.swift in Sources */ = {isa = PBXBuildFile; fileRef = EAEBB35D26D4F838003C1C54 /* NewReleasesResponse.swift */; };
		EAEBB36026D4F965003C1C54 /* APIImage.swift in Sources */ = {isa = PBXBuildFile; fileRef = EAEBB35F26D4F965003C1C54 /* APIImage.swift */; };
		EAEBB36226D50026003C1C54 /* FeaturedPlaylistResponse.swift in Sources */ = {isa = PBXBuildFile; fileRef = EAEBB36126D50026003C1C54 /* FeaturedPlaylistResponse.swift */; };
		EAEBB36426D507BD003C1C54 /* RecommendedGenreResponse.swift in Sources */ = {isa = PBXBuildFile; fileRef = EAEBB36326D507BD003C1C54 /* RecommendedGenreResponse.swift */; };
		EAEBB36626D50C83003C1C54 /* RecommendationResponse.swift in Sources */ = {isa = PBXBuildFile; fileRef = EAEBB36526D50C83003C1C54 /* RecommendationResponse.swift */; };
		EAEBB36926D51F00003C1C54 /* NewReleaseCollectionViewCell.swift in Sources */ = {isa = PBXBuildFile; fileRef = EAEBB36826D51F00003C1C54 /* NewReleaseCollectionViewCell.swift */; };
		EAEBB36B26D51F2D003C1C54 /* FeaturedPlaylistCollectionViewCell.swift in Sources */ = {isa = PBXBuildFile; fileRef = EAEBB36A26D51F2D003C1C54 /* FeaturedPlaylistCollectionViewCell.swift */; };
		EAEBB36D26D51F62003C1C54 /* RecommendedTrackCollectionViewCell.swift in Sources */ = {isa = PBXBuildFile; fileRef = EAEBB36C26D51F62003C1C54 /* RecommendedTrackCollectionViewCell.swift */; };
		F5D3D159660331223A997619 /* Pods_SpotifyApp.framework in Frameworks */ = {isa = PBXBuildFile; fileRef = 072CE1370BE0BE68E0B23A4B /* Pods_SpotifyApp.framework */; };
/* End PBXBuildFile section */

/* Begin PBXFileReference section */
		072CE1370BE0BE68E0B23A4B /* Pods_SpotifyApp.framework */ = {isa = PBXFileReference; explicitFileType = wrapper.framework; includeInIndex = 0; path = Pods_SpotifyApp.framework; sourceTree = BUILT_PRODUCTS_DIR; };
		A32630E1650479F17A125484 /* Pods-SpotifyApp.release.xcconfig */ = {isa = PBXFileReference; includeInIndex = 1; lastKnownFileType = text.xcconfig; name = "Pods-SpotifyApp.release.xcconfig"; path = "Target Support Files/Pods-SpotifyApp/Pods-SpotifyApp.release.xcconfig"; sourceTree = "<group>"; };
		EA0B242F26E7A6DF0025C22D /* PlaylistHeaderCollectionReusableView.swift */ = {isa = PBXFileReference; lastKnownFileType = sourcecode.swift; path = PlaylistHeaderCollectionReusableView.swift; sourceTree = "<group>"; };
		EA0B243126E7AAD20025C22D /* PlaylistHeaderViewModel.swift */ = {isa = PBXFileReference; lastKnownFileType = sourcecode.swift; path = PlaylistHeaderViewModel.swift; sourceTree = "<group>"; };
		EA21BDDD26DF7CC800F5D0A7 /* AlbumViewController.swift */ = {isa = PBXFileReference; lastKnownFileType = sourcecode.swift; path = AlbumViewController.swift; sourceTree = "<group>"; };
		EA21BDDF26DF83AB00F5D0A7 /* AlbumDetailsResponse.swift */ = {isa = PBXFileReference; lastKnownFileType = sourcecode.swift; path = AlbumDetailsResponse.swift; sourceTree = "<group>"; };
		EA21BDE126DF888400F5D0A7 /* PlaylistDetailsResponse.swift */ = {isa = PBXFileReference; lastKnownFileType = sourcecode.swift; path = PlaylistDetailsResponse.swift; sourceTree = "<group>"; };
		EA83DCF026CE6D120001DAA5 /* SpotifyApp.app */ = {isa = PBXFileReference; explicitFileType = wrapper.application; includeInIndex = 0; path = SpotifyApp.app; sourceTree = BUILT_PRODUCTS_DIR; };
		EA83DCF326CE6D120001DAA5 /* AppDelegate.swift */ = {isa = PBXFileReference; lastKnownFileType = sourcecode.swift; path = AppDelegate.swift; sourceTree = "<group>"; };
		EA83DCF526CE6D120001DAA5 /* SceneDelegate.swift */ = {isa = PBXFileReference; lastKnownFileType = sourcecode.swift; path = SceneDelegate.swift; sourceTree = "<group>"; };
		EA83DCF726CE6D120001DAA5 /* HomeViewController.swift */ = {isa = PBXFileReference; lastKnownFileType = sourcecode.swift; path = HomeViewController.swift; sourceTree = "<group>"; };
		EA83DCFC26CE6D150001DAA5 /* Assets.xcassets */ = {isa = PBXFileReference; lastKnownFileType = folder.assetcatalog; path = Assets.xcassets; sourceTree = "<group>"; };
		EA83DCFF26CE6D150001DAA5 /* Base */ = {isa = PBXFileReference; lastKnownFileType = file.storyboard; name = Base; path = Base.lproj/LaunchScreen.storyboard; sourceTree = "<group>"; };
		EA83DD0126CE6D150001DAA5 /* Info.plist */ = {isa = PBXFileReference; lastKnownFileType = text.plist.xml; path = Info.plist; sourceTree = "<group>"; };
		EA83DD0D26CE789F0001DAA5 /* TabBarViewController.swift */ = {isa = PBXFileReference; lastKnownFileType = sourcecode.swift; path = TabBarViewController.swift; sourceTree = "<group>"; };
		EA83DD0F26CE78CE0001DAA5 /* SearchViewController.swift */ = {isa = PBXFileReference; lastKnownFileType = sourcecode.swift; path = SearchViewController.swift; sourceTree = "<group>"; };
		EA83DD1126CE78DF0001DAA5 /* LibraryViewController.swift */ = {isa = PBXFileReference; lastKnownFileType = sourcecode.swift; path = LibraryViewController.swift; sourceTree = "<group>"; };
		EA83DD1526CE79240001DAA5 /* AuthViewController.swift */ = {isa = PBXFileReference; lastKnownFileType = sourcecode.swift; path = AuthViewController.swift; sourceTree = "<group>"; };
		EA83DD1726CE793A0001DAA5 /* WelcomeViewController.swift */ = {isa = PBXFileReference; lastKnownFileType = sourcecode.swift; path = WelcomeViewController.swift; sourceTree = "<group>"; };
		EA83DD1926CE79480001DAA5 /* SettingsViewController.swift */ = {isa = PBXFileReference; lastKnownFileType = sourcecode.swift; path = SettingsViewController.swift; sourceTree = "<group>"; };
		EA83DD1B26CE79530001DAA5 /* ProfileViewController.swift */ = {isa = PBXFileReference; lastKnownFileType = sourcecode.swift; path = ProfileViewController.swift; sourceTree = "<group>"; };
		EA83DD1D26CE795F0001DAA5 /* PlayerViewController.swift */ = {isa = PBXFileReference; lastKnownFileType = sourcecode.swift; path = PlayerViewController.swift; sourceTree = "<group>"; };
		EA83DD1F26CE796E0001DAA5 /* PlaylistViewController.swift */ = {isa = PBXFileReference; lastKnownFileType = sourcecode.swift; path = PlaylistViewController.swift; sourceTree = "<group>"; };
		EA83DD2126CE79810001DAA5 /* SearchResultViewController.swift */ = {isa = PBXFileReference; lastKnownFileType = sourcecode.swift; path = SearchResultViewController.swift; sourceTree = "<group>"; };
		EA83DD2326CE799E0001DAA5 /* AuthManager.swift */ = {isa = PBXFileReference; lastKnownFileType = sourcecode.swift; path = AuthManager.swift; sourceTree = "<group>"; };
		EA83DD2526CE79AB0001DAA5 /* APICaller.swift */ = {isa = PBXFileReference; lastKnownFileType = sourcecode.swift; path = APICaller.swift; sourceTree = "<group>"; };
		EA83DD2726CE79C40001DAA5 /* HapticsManager.swift */ = {isa = PBXFileReference; lastKnownFileType = sourcecode.swift; path = HapticsManager.swift; sourceTree = "<group>"; };
		EA83DD2926CE79DD0001DAA5 /* Playlist.swift */ = {isa = PBXFileReference; lastKnownFileType = sourcecode.swift; path = Playlist.swift; sourceTree = "<group>"; };
		EA83DD2B26CE79EA0001DAA5 /* AudioTrack.swift */ = {isa = PBXFileReference; lastKnownFileType = sourcecode.swift; path = AudioTrack.swift; sourceTree = "<group>"; };
		EA83DD2D26CE79F60001DAA5 /* Artist.swift */ = {isa = PBXFileReference; lastKnownFileType = sourcecode.swift; path = Artist.swift; sourceTree = "<group>"; };
		EA83DD2F26CE7A010001DAA5 /* UserProfile.swift */ = {isa = PBXFileReference; lastKnownFileType = sourcecode.swift; path = UserProfile.swift; sourceTree = "<group>"; };
		EA83DD3126CE88B10001DAA5 /* Extensions.swift */ = {isa = PBXFileReference; lastKnownFileType = sourcecode.swift; path = Extensions.swift; sourceTree = "<group>"; };
		EA83DD3326CFAC580001DAA5 /* AuthResponse.swift */ = {isa = PBXFileReference; lastKnownFileType = sourcecode.swift; path = AuthResponse.swift; sourceTree = "<group>"; };
		EA96F83026D8E863003E3304 /* FeaturedPlaylistCellViewModel.swift */ = {isa = PBXFileReference; lastKnownFileType = sourcecode.swift; path = FeaturedPlaylistCellViewModel.swift; sourceTree = "<group>"; };
		EA96F83226D8E8A2003E3304 /* RecommendedCellViewModel.swift */ = {isa = PBXFileReference; lastKnownFileType = sourcecode.swift; path = RecommendedCellViewModel.swift; sourceTree = "<group>"; };
		EAA5045426D7A5410097FA7D /* NewReleasesCellViewModel.swift */ = {isa = PBXFileReference; lastKnownFileType = sourcecode.swift; path = NewReleasesCellViewModel.swift; sourceTree = "<group>"; };
		EAAE41B226D3EDB6001220BB /* SettingsModel.swift */ = {isa = PBXFileReference; lastKnownFileType = sourcecode.swift; path = SettingsModel.swift; sourceTree = "<group>"; };
		EAE118AB26F0B85D00E1D4FD /* TitleHeaderCollectionReusableView.swift */ = {isa = PBXFileReference; lastKnownFileType = sourcecode.swift; path = TitleHeaderCollectionReusableView.swift; sourceTree = "<group>"; };
		EAE118AD26F0C38A00E1D4FD /* AlbumTrackCollectionViewCell.swift */ = {isa = PBXFileReference; lastKnownFileType = sourcecode.swift; path = AlbumTrackCollectionViewCell.swift; sourceTree = "<group>"; };
		EAE118B026F0C4E500E1D4FD /* AlbumCollectionViewCellViewModel.swift */ = {isa = PBXFileReference; lastKnownFileType = sourcecode.swift; path = AlbumCollectionViewCellViewModel.swift; sourceTree = "<group>"; };
		EAE118B226F0D94200E1D4FD /* GenreCollectionViewCell.swift */ = {isa = PBXFileReference; lastKnownFileType = sourcecode.swift; path = GenreCollectionViewCell.swift; sourceTree = "<group>"; };
		EAEBB35D26D4F838003C1C54 /* NewReleasesResponse.swift */ = {isa = PBXFileReference; lastKnownFileType = sourcecode.swift; path = NewReleasesResponse.swift; sourceTree = "<group>"; };
		EAEBB35F26D4F965003C1C54 /* APIImage.swift */ = {isa = PBXFileReference; lastKnownFileType = sourcecode.swift; path = APIImage.swift; sourceTree = "<group>"; };
		EAEBB36126D50026003C1C54 /* FeaturedPlaylistResponse.swift */ = {isa = PBXFileReference; lastKnownFileType = sourcecode.swift; path = FeaturedPlaylistResponse.swift; sourceTree = "<group>"; };
		EAEBB36326D507BD003C1C54 /* RecommendedGenreResponse.swift */ = {isa = PBXFileReference; lastKnownFileType = sourcecode.swift; path = RecommendedGenreResponse.swift; sourceTree = "<group>"; };
		EAEBB36526D50C83003C1C54 /* RecommendationResponse.swift */ = {isa = PBXFileReference; lastKnownFileType = sourcecode.swift; path = RecommendationResponse.swift; sourceTree = "<group>"; };
		EAEBB36826D51F00003C1C54 /* NewReleaseCollectionViewCell.swift */ = {isa = PBXFileReference; lastKnownFileType = sourcecode.swift; path = NewReleaseCollectionViewCell.swift; sourceTree = "<group>"; };
		EAEBB36A26D51F2D003C1C54 /* FeaturedPlaylistCollectionViewCell.swift */ = {isa = PBXFileReference; lastKnownFileType = sourcecode.swift; path = FeaturedPlaylistCollectionViewCell.swift; sourceTree = "<group>"; };
		EAEBB36C26D51F62003C1C54 /* RecommendedTrackCollectionViewCell.swift */ = {isa = PBXFileReference; lastKnownFileType = sourcecode.swift; path = RecommendedTrackCollectionViewCell.swift; sourceTree = "<group>"; };
		FB4B3CBB65DDD1437E2D79D9 /* Pods-SpotifyApp.debug.xcconfig */ = {isa = PBXFileReference; includeInIndex = 1; lastKnownFileType = text.xcconfig; name = "Pods-SpotifyApp.debug.xcconfig"; path = "Target Support Files/Pods-SpotifyApp/Pods-SpotifyApp.debug.xcconfig"; sourceTree = "<group>"; };
/* End PBXFileReference section */

/* Begin PBXFrameworksBuildPhase section */
		EA83DCED26CE6D120001DAA5 /* Frameworks */ = {
			isa = PBXFrameworksBuildPhase;
			buildActionMask = 2147483647;
			files = (
				F5D3D159660331223A997619 /* Pods_SpotifyApp.framework in Frameworks */,
			);
			runOnlyForDeploymentPostprocessing = 0;
		};
/* End PBXFrameworksBuildPhase section */

/* Begin PBXGroup section */
		28D486BD0FE387B1830476D6 /* Frameworks */ = {
			isa = PBXGroup;
			children = (
				072CE1370BE0BE68E0B23A4B /* Pods_SpotifyApp.framework */,
			);
			name = Frameworks;
			sourceTree = "<group>";
		};
		7537D6CD034401DDED4DB09E /* Pods */ = {
			isa = PBXGroup;
			children = (
				FB4B3CBB65DDD1437E2D79D9 /* Pods-SpotifyApp.debug.xcconfig */,
				A32630E1650479F17A125484 /* Pods-SpotifyApp.release.xcconfig */,
			);
			path = Pods;
			sourceTree = "<group>";
		};
		EA83DCE726CE6D120001DAA5 = {
			isa = PBXGroup;
			children = (
				EA83DCF226CE6D120001DAA5 /* SpotifyApp */,
				EA83DCF126CE6D120001DAA5 /* Products */,
				7537D6CD034401DDED4DB09E /* Pods */,
				28D486BD0FE387B1830476D6 /* Frameworks */,
			);
			sourceTree = "<group>";
		};
		EA83DCF126CE6D120001DAA5 /* Products */ = {
			isa = PBXGroup;
			children = (
				EA83DCF026CE6D120001DAA5 /* SpotifyApp.app */,
			);
			name = Products;
			sourceTree = "<group>";
		};
		EA83DCF226CE6D120001DAA5 /* SpotifyApp */ = {
			isa = PBXGroup;
			children = (
				EA83DD0A26CE761D0001DAA5 /* Resources */,
				EA83DD0C26CE76480001DAA5 /* Managers */,
				EA83DD0B26CE76380001DAA5 /* ViewModels */,
				EA83DD0826CE760C0001DAA5 /* Models */,
				EA83DD0926CE76130001DAA5 /* Views */,
				EA83DD0726CE76010001DAA5 /* Controllers */,
				EA83DD0126CE6D150001DAA5 /* Info.plist */,
			);
			path = SpotifyApp;
			sourceTree = "<group>";
		};
		EA83DD0726CE76010001DAA5 /* Controllers */ = {
			isa = PBXGroup;
			children = (
				EA83DD1426CE79010001DAA5 /* Other */,
				EA83DD1326CE78F20001DAA5 /* Tabbar */,
			);
			path = Controllers;
			sourceTree = "<group>";
		};
		EA83DD0826CE760C0001DAA5 /* Models */ = {
			isa = PBXGroup;
			children = (
				EA83DD2926CE79DD0001DAA5 /* Playlist.swift */,
				EA83DD2B26CE79EA0001DAA5 /* AudioTrack.swift */,
				EA83DD2D26CE79F60001DAA5 /* Artist.swift */,
				EA83DD2F26CE7A010001DAA5 /* UserProfile.swift */,
				EA83DD3326CFAC580001DAA5 /* AuthResponse.swift */,
				EAAE41B226D3EDB6001220BB /* SettingsModel.swift */,
				EAEBB35D26D4F838003C1C54 /* NewReleasesResponse.swift */,
				EAEBB35F26D4F965003C1C54 /* APIImage.swift */,
				EAEBB36126D50026003C1C54 /* FeaturedPlaylistResponse.swift */,
				EAEBB36326D507BD003C1C54 /* RecommendedGenreResponse.swift */,
				EAEBB36526D50C83003C1C54 /* RecommendationResponse.swift */,
				EA21BDDF26DF83AB00F5D0A7 /* AlbumDetailsResponse.swift */,
				EA21BDE126DF888400F5D0A7 /* PlaylistDetailsResponse.swift */,
			);
			path = Models;
			sourceTree = "<group>";
		};
		EA83DD0926CE76130001DAA5 /* Views */ = {
			isa = PBXGroup;
			children = (
				EAEBB36726D51EDA003C1C54 /* Browse */,
				EA83DCFE26CE6D150001DAA5 /* LaunchScreen.storyboard */,
				EA0B242F26E7A6DF0025C22D /* PlaylistHeaderCollectionReusableView.swift */,
				EAE118AB26F0B85D00E1D4FD /* TitleHeaderCollectionReusableView.swift */,
				EAE118AD26F0C38A00E1D4FD /* AlbumTrackCollectionViewCell.swift */,
				EAE118B226F0D94200E1D4FD /* GenreCollectionViewCell.swift */,
			);
			path = Views;
			sourceTree = "<group>";
		};
		EA83DD0A26CE761D0001DAA5 /* Resources */ = {
			isa = PBXGroup;
			children = (
				EA83DCF326CE6D120001DAA5 /* AppDelegate.swift */,
				EA83DCF526CE6D120001DAA5 /* SceneDelegate.swift */,
				EA83DCFC26CE6D150001DAA5 /* Assets.xcassets */,
				EA83DD3126CE88B10001DAA5 /* Extensions.swift */,
			);
			path = Resources;
			sourceTree = "<group>";
		};
		EA83DD0B26CE76380001DAA5 /* ViewModels */ = {
			isa = PBXGroup;
			children = (
				EAA5045426D7A5410097FA7D /* NewReleasesCellViewModel.swift */,
				EA96F83026D8E863003E3304 /* FeaturedPlaylistCellViewModel.swift */,
				EA96F83226D8E8A2003E3304 /* RecommendedCellViewModel.swift */,
				EA0B243126E7AAD20025C22D /* PlaylistHeaderViewModel.swift */,
				EAE118B026F0C4E500E1D4FD /* AlbumCollectionViewCellViewModel.swift */,
			);
			path = ViewModels;
			sourceTree = "<group>";
		};
		EA83DD0C26CE76480001DAA5 /* Managers */ = {
			isa = PBXGroup;
			children = (
				EA83DD2326CE799E0001DAA5 /* AuthManager.swift */,
				EA83DD2526CE79AB0001DAA5 /* APICaller.swift */,
				EA83DD2726CE79C40001DAA5 /* HapticsManager.swift */,
			);
			path = Managers;
			sourceTree = "<group>";
		};
		EA83DD1326CE78F20001DAA5 /* Tabbar */ = {
			isa = PBXGroup;
			children = (
				EA83DCF726CE6D120001DAA5 /* HomeViewController.swift */,
				EA83DD0D26CE789F0001DAA5 /* TabBarViewController.swift */,
				EA83DD0F26CE78CE0001DAA5 /* SearchViewController.swift */,
				EA83DD1126CE78DF0001DAA5 /* LibraryViewController.swift */,
			);
			path = Tabbar;
			sourceTree = "<group>";
		};
		EA83DD1426CE79010001DAA5 /* Other */ = {
			isa = PBXGroup;
			children = (
				EA83DD1526CE79240001DAA5 /* AuthViewController.swift */,
				EA83DD1726CE793A0001DAA5 /* WelcomeViewController.swift */,
				EA83DD1926CE79480001DAA5 /* SettingsViewController.swift */,
				EA83DD1B26CE79530001DAA5 /* ProfileViewController.swift */,
				EA83DD1D26CE795F0001DAA5 /* PlayerViewController.swift */,
				EA83DD1F26CE796E0001DAA5 /* PlaylistViewController.swift */,
				EA83DD2126CE79810001DAA5 /* SearchResultViewController.swift */,
				EA21BDDD26DF7CC800F5D0A7 /* AlbumViewController.swift */,
			);
			path = Other;
			sourceTree = "<group>";
		};
		EAEBB36726D51EDA003C1C54 /* Browse */ = {
			isa = PBXGroup;
			children = (
				EAEBB36826D51F00003C1C54 /* NewReleaseCollectionViewCell.swift */,
				EAEBB36A26D51F2D003C1C54 /* FeaturedPlaylistCollectionViewCell.swift */,
				EAEBB36C26D51F62003C1C54 /* RecommendedTrackCollectionViewCell.swift */,
			);
			path = Browse;
			sourceTree = "<group>";
		};
/* End PBXGroup section */

/* Begin PBXNativeTarget section */
		EA83DCEF26CE6D120001DAA5 /* SpotifyApp */ = {
			isa = PBXNativeTarget;
			buildConfigurationList = EA83DD0426CE6D150001DAA5 /* Build configuration list for PBXNativeTarget "SpotifyApp" */;
			buildPhases = (
				5E49109DCE0A185393BD294F /* [CP] Check Pods Manifest.lock */,
				EA83DCEC26CE6D120001DAA5 /* Sources */,
				EA83DCED26CE6D120001DAA5 /* Frameworks */,
				EA83DCEE26CE6D120001DAA5 /* Resources */,
				15B35ADCB259CC348D500E5C /* [CP] Embed Pods Frameworks */,
			);
			buildRules = (
			);
			dependencies = (
			);
			name = SpotifyApp;
			productName = SpotifyApp;
			productReference = EA83DCF026CE6D120001DAA5 /* SpotifyApp.app */;
			productType = "com.apple.product-type.application";
		};
/* End PBXNativeTarget section */

/* Begin PBXProject section */
		EA83DCE826CE6D120001DAA5 /* Project object */ = {
			isa = PBXProject;
			attributes = {
				LastSwiftUpdateCheck = 1250;
				LastUpgradeCheck = 1250;
				TargetAttributes = {
					EA83DCEF26CE6D120001DAA5 = {
						CreatedOnToolsVersion = 12.5.1;
					};
				};
			};
			buildConfigurationList = EA83DCEB26CE6D120001DAA5 /* Build configuration list for PBXProject "SpotifyApp" */;
			compatibilityVersion = "Xcode 9.3";
			developmentRegion = en;
			hasScannedForEncodings = 0;
			knownRegions = (
				en,
				Base,
			);
			mainGroup = EA83DCE726CE6D120001DAA5;
			productRefGroup = EA83DCF126CE6D120001DAA5 /* Products */;
			projectDirPath = "";
			projectRoot = "";
			targets = (
				EA83DCEF26CE6D120001DAA5 /* SpotifyApp */,
			);
		};
/* End PBXProject section */

/* Begin PBXResourcesBuildPhase section */
		EA83DCEE26CE6D120001DAA5 /* Resources */ = {
			isa = PBXResourcesBuildPhase;
			buildActionMask = 2147483647;
			files = (
				EA83DD0026CE6D150001DAA5 /* LaunchScreen.storyboard in Resources */,
				EA83DCFD26CE6D150001DAA5 /* Assets.xcassets in Resources */,
			);
			runOnlyForDeploymentPostprocessing = 0;
		};
/* End PBXResourcesBuildPhase section */

/* Begin PBXShellScriptBuildPhase section */
		15B35ADCB259CC348D500E5C /* [CP] Embed Pods Frameworks */ = {
			isa = PBXShellScriptBuildPhase;
			buildActionMask = 2147483647;
			files = (
			);
			inputFileListPaths = (
				"${PODS_ROOT}/Target Support Files/Pods-SpotifyApp/Pods-SpotifyApp-frameworks-${CONFIGURATION}-input-files.xcfilelist",
			);
			name = "[CP] Embed Pods Frameworks";
			outputFileListPaths = (
				"${PODS_ROOT}/Target Support Files/Pods-SpotifyApp/Pods-SpotifyApp-frameworks-${CONFIGURATION}-output-files.xcfilelist",
			);
			runOnlyForDeploymentPostprocessing = 0;
			shellPath = /bin/sh;
			shellScript = "\"${PODS_ROOT}/Target Support Files/Pods-SpotifyApp/Pods-SpotifyApp-frameworks.sh\"\n";
			showEnvVarsInLog = 0;
		};
		5E49109DCE0A185393BD294F /* [CP] Check Pods Manifest.lock */ = {
			isa = PBXShellScriptBuildPhase;
			buildActionMask = 2147483647;
			files = (
			);
			inputFileListPaths = (
			);
			inputPaths = (
				"${PODS_PODFILE_DIR_PATH}/Podfile.lock",
				"${PODS_ROOT}/Manifest.lock",
			);
			name = "[CP] Check Pods Manifest.lock";
			outputFileListPaths = (
			);
			outputPaths = (
				"$(DERIVED_FILE_DIR)/Pods-SpotifyApp-checkManifestLockResult.txt",
			);
			runOnlyForDeploymentPostprocessing = 0;
			shellPath = /bin/sh;
			shellScript = "diff \"${PODS_PODFILE_DIR_PATH}/Podfile.lock\" \"${PODS_ROOT}/Manifest.lock\" > /dev/null\nif [ $? != 0 ] ; then\n    # print error to STDERR\n    echo \"error: The sandbox is not in sync with the Podfile.lock. Run 'pod install' or update your CocoaPods installation.\" >&2\n    exit 1\nfi\n# This output is used by Xcode 'outputs' to avoid re-running this script phase.\necho \"SUCCESS\" > \"${SCRIPT_OUTPUT_FILE_0}\"\n";
			showEnvVarsInLog = 0;
		};
/* End PBXShellScriptBuildPhase section */

/* Begin PBXSourcesBuildPhase section */
		EA83DCEC26CE6D120001DAA5 /* Sources */ = {
			isa = PBXSourcesBuildPhase;
			buildActionMask = 2147483647;
			files = (
				EA83DD1026CE78CE0001DAA5 /* SearchViewController.swift in Sources */,
				EA21BDE226DF888400F5D0A7 /* PlaylistDetailsResponse.swift in Sources */,
				EA83DD2A26CE79DD0001DAA5 /* Playlist.swift in Sources */,
				EA83DD2426CE799E0001DAA5 /* AuthManager.swift in Sources */,
				EAA5045526D7A5410097FA7D /* NewReleasesCellViewModel.swift in Sources */,
				EAE118B126F0C4E500E1D4FD /* AlbumCollectionViewCellViewModel.swift in Sources */,
				EA83DD1826CE793A0001DAA5 /* WelcomeViewController.swift in Sources */,
				EA96F83126D8E863003E3304 /* FeaturedPlaylistCellViewModel.swift in Sources */,
				EAE118AC26F0B85D00E1D4FD /* TitleHeaderCollectionReusableView.swift in Sources */,
				EA21BDDE26DF7CC800F5D0A7 /* AlbumViewController.swift in Sources */,
				EAEBB36226D50026003C1C54 /* FeaturedPlaylistResponse.swift in Sources */,
				EA83DD1C26CE79530001DAA5 /* ProfileViewController.swift in Sources */,
				EA83DD0E26CE789F0001DAA5 /* TabBarViewController.swift in Sources */,
				EAEBB36626D50C83003C1C54 /* RecommendationResponse.swift in Sources */,
				EAEBB36D26D51F62003C1C54 /* RecommendedTrackCollectionViewCell.swift in Sources */,
				EA83DCF826CE6D120001DAA5 /* HomeViewController.swift in Sources */,
				EA83DD2826CE79C40001DAA5 /* HapticsManager.swift in Sources */,
				EA83DD3426CFAC580001DAA5 /* AuthResponse.swift in Sources */,
				EAE118B326F0D94200E1D4FD /* GenreCollectionViewCell.swift in Sources */,
				EAEBB35E26D4F838003C1C54 /* NewReleasesResponse.swift in Sources */,
				EAEBB36026D4F965003C1C54 /* APIImage.swift in Sources */,
				EAE118AE26F0C38A00E1D4FD /* AlbumTrackCollectionViewCell.swift in Sources */,
				EA83DD2C26CE79EA0001DAA5 /* AudioTrack.swift in Sources */,
				EAEBB36926D51F00003C1C54 /* NewReleaseCollectionViewCell.swift in Sources */,
				EA83DD1626CE79240001DAA5 /* AuthViewController.swift in Sources */,
				EAEBB36B26D51F2D003C1C54 /* FeaturedPlaylistCollectionViewCell.swift in Sources */,
				EA83DCF426CE6D120001DAA5 /* AppDelegate.swift in Sources */,
				EAAE41B326D3EDB7001220BB /* SettingsModel.swift in Sources */,
				EA83DD1226CE78DF0001DAA5 /* LibraryViewController.swift in Sources */,
				EA83DD3026CE7A010001DAA5 /* UserProfile.swift in Sources */,
				EA0B243026E7A6DF0025C22D /* PlaylistHeaderCollectionReusableView.swift in Sources */,
				EA83DD3226CE88B10001DAA5 /* Extensions.swift in Sources */,
				EA83DD2026CE796E0001DAA5 /* PlaylistViewController.swift in Sources */,
				EA83DD2E26CE79F60001DAA5 /* Artist.swift in Sources */,
				EA0B243226E7AAD20025C22D /* PlaylistHeaderViewModel.swift in Sources */,
				EAEBB36426D507BD003C1C54 /* RecommendedGenreResponse.swift in Sources */,
				EA96F83326D8E8A2003E3304 /* RecommendedCellViewModel.swift in Sources */,
				EA83DCF626CE6D120001DAA5 /* SceneDelegate.swift in Sources */,
				EA21BDE026DF83AB00F5D0A7 /* AlbumDetailsResponse.swift in Sources */,
				EA83DD1E26CE795F0001DAA5 /* PlayerViewController.swift in Sources */,
				EA83DD2226CE79810001DAA5 /* SearchResultViewController.swift in Sources */,
				EA83DD2626CE79AB0001DAA5 /* APICaller.swift in Sources */,
				EA83DD1A26CE79480001DAA5 /* SettingsViewController.swift in Sources */,
			);
			runOnlyForDeploymentPostprocessing = 0;
		};
/* End PBXSourcesBuildPhase section */

/* Begin PBXVariantGroup section */
		EA83DCFE26CE6D150001DAA5 /* LaunchScreen.storyboard */ = {
			isa = PBXVariantGroup;
			children = (
				EA83DCFF26CE6D150001DAA5 /* Base */,
			);
			name = LaunchScreen.storyboard;
			sourceTree = "<group>";
		};
/* End PBXVariantGroup section */

/* Begin XCBuildConfiguration section */
		EA83DD0226CE6D150001DAA5 /* Debug */ = {
			isa = XCBuildConfiguration;
			buildSettings = {
				ALWAYS_SEARCH_USER_PATHS = NO;
				CLANG_ANALYZER_NONNULL = YES;
				CLANG_ANALYZER_NUMBER_OBJECT_CONVERSION = YES_AGGRESSIVE;
				CLANG_CXX_LANGUAGE_STANDARD = "gnu++14";
				CLANG_CXX_LIBRARY = "libc++";
				CLANG_ENABLE_MODULES = YES;
				CLANG_ENABLE_OBJC_ARC = YES;
				CLANG_ENABLE_OBJC_WEAK = YES;
				CLANG_WARN_BLOCK_CAPTURE_AUTORELEASING = YES;
				CLANG_WARN_BOOL_CONVERSION = YES;
				CLANG_WARN_COMMA = YES;
				CLANG_WARN_CONSTANT_CONVERSION = YES;
				CLANG_WARN_DEPRECATED_OBJC_IMPLEMENTATIONS = YES;
				CLANG_WARN_DIRECT_OBJC_ISA_USAGE = YES_ERROR;
				CLANG_WARN_DOCUMENTATION_COMMENTS = YES;
				CLANG_WARN_EMPTY_BODY = YES;
				CLANG_WARN_ENUM_CONVERSION = YES;
				CLANG_WARN_INFINITE_RECURSION = YES;
				CLANG_WARN_INT_CONVERSION = YES;
				CLANG_WARN_NON_LITERAL_NULL_CONVERSION = YES;
				CLANG_WARN_OBJC_IMPLICIT_RETAIN_SELF = YES;
				CLANG_WARN_OBJC_LITERAL_CONVERSION = YES;
				CLANG_WARN_OBJC_ROOT_CLASS = YES_ERROR;
				CLANG_WARN_QUOTED_INCLUDE_IN_FRAMEWORK_HEADER = YES;
				CLANG_WARN_RANGE_LOOP_ANALYSIS = YES;
				CLANG_WARN_STRICT_PROTOTYPES = YES;
				CLANG_WARN_SUSPICIOUS_MOVE = YES;
				CLANG_WARN_UNGUARDED_AVAILABILITY = YES_AGGRESSIVE;
				CLANG_WARN_UNREACHABLE_CODE = YES;
				CLANG_WARN__DUPLICATE_METHOD_MATCH = YES;
				COPY_PHASE_STRIP = NO;
				DEBUG_INFORMATION_FORMAT = dwarf;
				ENABLE_STRICT_OBJC_MSGSEND = YES;
				ENABLE_TESTABILITY = YES;
				GCC_C_LANGUAGE_STANDARD = gnu11;
				GCC_DYNAMIC_NO_PIC = NO;
				GCC_NO_COMMON_BLOCKS = YES;
				GCC_OPTIMIZATION_LEVEL = 0;
				GCC_PREPROCESSOR_DEFINITIONS = (
					"DEBUG=1",
					"$(inherited)",
				);
				GCC_WARN_64_TO_32_BIT_CONVERSION = YES;
				GCC_WARN_ABOUT_RETURN_TYPE = YES_ERROR;
				GCC_WARN_UNDECLARED_SELECTOR = YES;
				GCC_WARN_UNINITIALIZED_AUTOS = YES_AGGRESSIVE;
				GCC_WARN_UNUSED_FUNCTION = YES;
				GCC_WARN_UNUSED_VARIABLE = YES;
				IPHONEOS_DEPLOYMENT_TARGET = 14.5;
				MTL_ENABLE_DEBUG_INFO = INCLUDE_SOURCE;
				MTL_FAST_MATH = YES;
				ONLY_ACTIVE_ARCH = YES;
				SDKROOT = iphoneos;
				SWIFT_ACTIVE_COMPILATION_CONDITIONS = DEBUG;
				SWIFT_OPTIMIZATION_LEVEL = "-Onone";
			};
			name = Debug;
		};
		EA83DD0326CE6D150001DAA5 /* Release */ = {
			isa = XCBuildConfiguration;
			buildSettings = {
				ALWAYS_SEARCH_USER_PATHS = NO;
				CLANG_ANALYZER_NONNULL = YES;
				CLANG_ANALYZER_NUMBER_OBJECT_CONVERSION = YES_AGGRESSIVE;
				CLANG_CXX_LANGUAGE_STANDARD = "gnu++14";
				CLANG_CXX_LIBRARY = "libc++";
				CLANG_ENABLE_MODULES = YES;
				CLANG_ENABLE_OBJC_ARC = YES;
				CLANG_ENABLE_OBJC_WEAK = YES;
				CLANG_WARN_BLOCK_CAPTURE_AUTORELEASING = YES;
				CLANG_WARN_BOOL_CONVERSION = YES;
				CLANG_WARN_COMMA = YES;
				CLANG_WARN_CONSTANT_CONVERSION = YES;
				CLANG_WARN_DEPRECATED_OBJC_IMPLEMENTATIONS = YES;
				CLANG_WARN_DIRECT_OBJC_ISA_USAGE = YES_ERROR;
				CLANG_WARN_DOCUMENTATION_COMMENTS = YES;
				CLANG_WARN_EMPTY_BODY = YES;
				CLANG_WARN_ENUM_CONVERSION = YES;
				CLANG_WARN_INFINITE_RECURSION = YES;
				CLANG_WARN_INT_CONVERSION = YES;
				CLANG_WARN_NON_LITERAL_NULL_CONVERSION = YES;
				CLANG_WARN_OBJC_IMPLICIT_RETAIN_SELF = YES;
				CLANG_WARN_OBJC_LITERAL_CONVERSION = YES;
				CLANG_WARN_OBJC_ROOT_CLASS = YES_ERROR;
				CLANG_WARN_QUOTED_INCLUDE_IN_FRAMEWORK_HEADER = YES;
				CLANG_WARN_RANGE_LOOP_ANALYSIS = YES;
				CLANG_WARN_STRICT_PROTOTYPES = YES;
				CLANG_WARN_SUSPICIOUS_MOVE = YES;
				CLANG_WARN_UNGUARDED_AVAILABILITY = YES_AGGRESSIVE;
				CLANG_WARN_UNREACHABLE_CODE = YES;
				CLANG_WARN__DUPLICATE_METHOD_MATCH = YES;
				COPY_PHASE_STRIP = NO;
				DEBUG_INFORMATION_FORMAT = "dwarf-with-dsym";
				ENABLE_NS_ASSERTIONS = NO;
				ENABLE_STRICT_OBJC_MSGSEND = YES;
				GCC_C_LANGUAGE_STANDARD = gnu11;
				GCC_NO_COMMON_BLOCKS = YES;
				GCC_WARN_64_TO_32_BIT_CONVERSION = YES;
				GCC_WARN_ABOUT_RETURN_TYPE = YES_ERROR;
				GCC_WARN_UNDECLARED_SELECTOR = YES;
				GCC_WARN_UNINITIALIZED_AUTOS = YES_AGGRESSIVE;
				GCC_WARN_UNUSED_FUNCTION = YES;
				GCC_WARN_UNUSED_VARIABLE = YES;
				IPHONEOS_DEPLOYMENT_TARGET = 14.5;
				MTL_ENABLE_DEBUG_INFO = NO;
				MTL_FAST_MATH = YES;
				SDKROOT = iphoneos;
				SWIFT_COMPILATION_MODE = wholemodule;
				SWIFT_OPTIMIZATION_LEVEL = "-O";
				VALIDATE_PRODUCT = YES;
			};
			name = Release;
		};
		EA83DD0526CE6D150001DAA5 /* Debug */ = {
			isa = XCBuildConfiguration;
			baseConfigurationReference = FB4B3CBB65DDD1437E2D79D9 /* Pods-SpotifyApp.debug.xcconfig */;
			buildSettings = {
				ASSETCATALOG_COMPILER_APPICON_NAME = AppIcon;
				ASSETCATALOG_COMPILER_GLOBAL_ACCENT_COLOR_NAME = AccentColor;
				CODE_SIGN_STYLE = Automatic;
				DEVELOPMENT_TEAM = 8WMHQ3J6DZ;
				INFOPLIST_FILE = SpotifyApp/Info.plist;
				LD_RUNPATH_SEARCH_PATHS = (
					"$(inherited)",
					"@executable_path/Frameworks",
				);
				PRODUCT_BUNDLE_IDENTIFIER = ekremozkaraca.SpotifyApp;
				PRODUCT_NAME = "$(TARGET_NAME)";
				SWIFT_VERSION = 5.0;
				TARGETED_DEVICE_FAMILY = "1,2";
			};
			name = Debug;
		};
		EA83DD0626CE6D150001DAA5 /* Release */ = {
			isa = XCBuildConfiguration;
			baseConfigurationReference = A32630E1650479F17A125484 /* Pods-SpotifyApp.release.xcconfig */;
			buildSettings = {
				ASSETCATALOG_COMPILER_APPICON_NAME = AppIcon;
				ASSETCATALOG_COMPILER_GLOBAL_ACCENT_COLOR_NAME = AccentColor;
				CODE_SIGN_STYLE = Automatic;
				DEVELOPMENT_TEAM = 8WMHQ3J6DZ;
				INFOPLIST_FILE = SpotifyApp/Info.plist;
				LD_RUNPATH_SEARCH_PATHS = (
					"$(inherited)",
					"@executable_path/Frameworks",
				);
				PRODUCT_BUNDLE_IDENTIFIER = ekremozkaraca.SpotifyApp;
				PRODUCT_NAME = "$(TARGET_NAME)";
				SWIFT_VERSION = 5.0;
				TARGETED_DEVICE_FAMILY = "1,2";
			};
			name = Release;
		};
/* End XCBuildConfiguration section */

/* Begin XCConfigurationList section */
		EA83DCEB26CE6D120001DAA5 /* Build configuration list for PBXProject "SpotifyApp" */ = {
			isa = XCConfigurationList;
			buildConfigurations = (
				EA83DD0226CE6D150001DAA5 /* Debug */,
				EA83DD0326CE6D150001DAA5 /* Release */,
			);
			defaultConfigurationIsVisible = 0;
			defaultConfigurationName = Release;
		};
		EA83DD0426CE6D150001DAA5 /* Build configuration list for PBXNativeTarget "SpotifyApp" */ = {
			isa = XCConfigurationList;
			buildConfigurations = (
				EA83DD0526CE6D150001DAA5 /* Debug */,
				EA83DD0626CE6D150001DAA5 /* Release */,
			);
			defaultConfigurationIsVisible = 0;
			defaultConfigurationName = Release;
		};
/* End XCConfigurationList section */
	};
	rootObject = EA83DCE826CE6D120001DAA5 /* Project object */;
}
